
Microsoft Visual Studio Solution File, Format Version 12.00
# Visual Studio 2012
Project("{FAE04EC0-301F-11D3-BF4B-00C04F79EFBC}") = "Googlese", "Google Translator\Googlese.csproj", "{455B17B8-981A-4D42-B563-D2B1713EC679}"
EndProject
Global
	GlobalSection(SolutionConfigurationPlatforms) = preSolution
		Debug|Any CPU = Debug|Any CPU
		Release|Any CPU = Release|Any CPU
	EndGlobalSection
	GlobalSection(ProjectConfigurationPlatforms) = postSolution
		{455B17B8-981A-4D42-B563-D2B1713EC679}.Debug|Any CPU.ActiveCfg = Debug|Any CPU
		{455B17B8-981A-4D42-B563-D2B1713EC679}.Debug|Any CPU.Build.0 = Debug|Any CPU
		{455B17B8-981A-4D42-B563-D2B1713EC679}.Release|Any CPU.ActiveCfg = Release|Any CPU
		{455B17B8-981A-4D42-B563-D2B1713EC679}.Release|Any CPU.Build.0 = Release|Any CPU
	EndGlobalSection
	GlobalSection(SolutionProperties) = preSolution
		HideSolutionNode = FALSE
	EndGlobalSection
EndGlobal
